
Microsoft Visual Studio Solution File, Format Version 12.00
# Visual Studio Version 17
VisualStudioVersion = 17.13.35825.156 d17.13
MinimumVisualStudioVersion = 10.0.40219.1
Project("{54A90642-561A-4BB1-A94E-469ADEE60C69}") = "geststock", "geststock.esproj", "{F721E8A9-17CB-030B-5634-EA6B4F1F48F3}"
EndProject
Global
	GlobalSection(SolutionConfigurationPlatforms) = preSolution
		Debug|Any CPU = Debug|Any CPU
		Release|Any CPU = Release|Any CPU
	EndGlobalSection
	GlobalSection(ProjectConfigurationPlatforms) = postSolution
		{F721E8A9-17CB-030B-5634-EA6B4F1F48F3}.Debug|Any CPU.ActiveCfg = Debug|Any CPU
		{F721E8A9-17CB-030B-5634-EA6B4F1F48F3}.Debug|Any CPU.Build.0 = Debug|Any CPU
		{F721E8A9-17CB-030B-5634-EA6B4F1F48F3}.Debug|Any CPU.Deploy.0 = Debug|Any CPU
		{F721E8A9-17CB-030B-5634-EA6B4F1F48F3}.Release|Any CPU.ActiveCfg = Release|Any CPU
		{F721E8A9-17CB-030B-5634-EA6B4F1F48F3}.Release|Any CPU.Build.0 = Release|Any CPU
		{F721E8A9-17CB-030B-5634-EA6B4F1F48F3}.Release|Any CPU.Deploy.0 = Release|Any CPU
	EndGlobalSection
	GlobalSection(SolutionProperties) = preSolution
		HideSolutionNode = FALSE
	EndGlobalSection
	GlobalSection(ExtensibilityGlobals) = postSolution
		SolutionGuid = {3457030A-948D-4896-99AD-CCF64518A17B}
	EndGlobalSection
EndGlobal
